
Microsoft Visual Studio Solution File, Format Version 12.00
Project("{FAE04EC0-301F-11D3-BF4B-00C04F79EFBC}") = "DS1RParamReloader", "DS1RParamReloader\DS1RParamReloader.csproj", "{1FB395F1-619A-40D8-B40B-0A8EED86174A}"
EndProject
Project("{FAE04EC0-301F-11D3-BF4B-00C04F79EFBC}") = "PropertyHook", "Dependencies\PropertyHook\PropertyHook\PropertyHook.csproj", "{18EFF8D2-C4D5-4E18-9A31-38E106BA1CF7}"
EndProject
Global
	GlobalSection(SolutionConfigurationPlatforms) = preSolution
		Debug|Any CPU = Debug|Any CPU
		Release|Any CPU = Release|Any CPU
	EndGlobalSection
	GlobalSection(ProjectConfigurationPlatforms) = postSolution
		{1FB395F1-619A-40D8-B40B-0A8EED86174A}.Debug|Any CPU.ActiveCfg = Debug|Any CPU
		{1FB395F1-619A-40D8-B40B-0A8EED86174A}.Debug|Any CPU.Build.0 = Debug|Any CPU
		{1FB395F1-619A-40D8-B40B-0A8EED86174A}.Release|Any CPU.ActiveCfg = Release|Any CPU
		{1FB395F1-619A-40D8-B40B-0A8EED86174A}.Release|Any CPU.Build.0 = Release|Any CPU
		{18EFF8D2-C4D5-4E18-9A31-38E106BA1CF7}.Debug|Any CPU.ActiveCfg = Debug|Any CPU
		{18EFF8D2-C4D5-4E18-9A31-38E106BA1CF7}.Debug|Any CPU.Build.0 = Debug|Any CPU
		{18EFF8D2-C4D5-4E18-9A31-38E106BA1CF7}.Release|Any CPU.ActiveCfg = Release|Any CPU
		{18EFF8D2-C4D5-4E18-9A31-38E106BA1CF7}.Release|Any CPU.Build.0 = Release|Any CPU
	EndGlobalSection
EndGlobal
